// !$*UTF8*$!
{
	archiveVersion = 1;
	classes = {
	};
	objectVersion = 50;
	objects = {

/* Begin PBXBuildFile section */
		0056470A219CCEDC00AD5496 /* AppDelegate.swift in Sources */ = {isa = PBXBuildFile; fileRef = 00564709219CCEDC00AD5496 /* AppDelegate.swift */; };
		0056470C219CCEDC00AD5496 /* ViewController.swift in Sources */ = {isa = PBXBuildFile; fileRef = 0056470B219CCEDC00AD5496 /* ViewController.swift */; };
		0056470F219CCEDC00AD5496 /* Main.storyboard in Resources */ = {isa = PBXBuildFile; fileRef = 0056470D219CCEDC00AD5496 /* Main.storyboard */; };
		00564711219CCEDD00AD5496 /* Assets.xcassets in Resources */ = {isa = PBXBuildFile; fileRef = 00564710219CCEDD00AD5496 /* Assets.xcassets */; };
		00564714219CCEDD00AD5496 /* LaunchScreen.storyboard in Resources */ = {isa = PBXBuildFile; fileRef = 00564712219CCEDD00AD5496 /* LaunchScreen.storyboard */; };
		0056471F219CD2E200AD5496 /* SignUPVC.swift in Sources */ = {isa = PBXBuildFile; fileRef = 0056471E219CD2E200AD5496 /* SignUPVC.swift */; };
		00564721219CE14400AD5496 /* SIgnInVC.swift in Sources */ = {isa = PBXBuildFile; fileRef = 00564720219CE14400AD5496 /* SIgnInVC.swift */; };
		2EA65EDB3696BF26A40C2AEC /* Pods_Explore.framework in Frameworks */ = {isa = PBXBuildFile; fileRef = 5EF54E31589029A1526451B5 /* Pods_Explore.framework */; };
		BF3CC10C21A63231003D2FED /* CultureViewController.swift in Sources */ = {isa = PBXBuildFile; fileRef = BF3CC10B21A63231003D2FED /* CultureViewController.swift */; };
		BF3CC10E21A6372C003D2FED /* EventViewController.swift in Sources */ = {isa = PBXBuildFile; fileRef = BF3CC10D21A6372C003D2FED /* EventViewController.swift */; };
		BFC4A8EA21A774450025BF04 /* SignoutViewController.swift in Sources */ = {isa = PBXBuildFile; fileRef = BFC4A8E921A774450025BF04 /* SignoutViewController.swift */; };
		BFC4A8F021A795D10025BF04 /* AlertController.swift in Sources */ = {isa = PBXBuildFile; fileRef = BFC4A8EF21A795D10025BF04 /* AlertController.swift */; };
		BFDF654B219E00A300EB00F4 /* HomeVC.swift in Sources */ = {isa = PBXBuildFile; fileRef = BFDF654A219E00A300EB00F4 /* HomeVC.swift */; };
		BFDF654D219E048400EB00F4 /* TourpageVC.swift in Sources */ = {isa = PBXBuildFile; fileRef = BFDF654C219E048400EB00F4 /* TourpageVC.swift */; };
		DCDEA73021A7B0AE001DA133 /* GoogleService-Info.plist in Resources */ = {isa = PBXBuildFile; fileRef = DCDEA72F21A7B0AE001DA133 /* GoogleService-Info.plist */; };
/* End PBXBuildFile section */

/* Begin PBXFileReference section */
		00564706219CCEDC00AD5496 /* Explore.app */ = {isa = PBXFileReference; explicitFileType = wrapper.application; includeInIndex = 0; path = Explore.app; sourceTree = BUILT_PRODUCTS_DIR; };
		00564709219CCEDC00AD5496 /* AppDelegate.swift */ = {isa = PBXFileReference; lastKnownFileType = sourcecode.swift; path = AppDelegate.swift; sourceTree = "<group>"; };
		0056470B219CCEDC00AD5496 /* ViewController.swift */ = {isa = PBXFileReference; lastKnownFileType = sourcecode.swift; path = ViewController.swift; sourceTree = "<group>"; };
		0056470E219CCEDC00AD5496 /* Base */ = {isa = PBXFileReference; lastKnownFileType = file.storyboard; name = Base; path = Base.lproj/Main.storyboard; sourceTree = "<group>"; };
		00564710219CCEDD00AD5496 /* Assets.xcassets */ = {isa = PBXFileReference; lastKnownFileType = folder.assetcatalog; path = Assets.xcassets; sourceTree = "<group>"; };
		00564713219CCEDD00AD5496 /* Base */ = {isa = PBXFileReference; lastKnownFileType = file.storyboard; name = Base; path = Base.lproj/LaunchScreen.storyboard; sourceTree = "<group>"; };
		00564715219CCEDD00AD5496 /* Info.plist */ = {isa = PBXFileReference; lastKnownFileType = text.plist.xml; path = Info.plist; sourceTree = "<group>"; };
		0056471E219CD2E200AD5496 /* SignUPVC.swift */ = {isa = PBXFileReference; lastKnownFileType = sourcecode.swift; path = SignUPVC.swift; sourceTree = "<group>"; };
		00564720219CE14400AD5496 /* SIgnInVC.swift */ = {isa = PBXFileReference; lastKnownFileType = sourcecode.swift; path = SIgnInVC.swift; sourceTree = "<group>"; };
		214A2BB6ABAADA5AF742BFFC /* Pods-Explore.release.xcconfig */ = {isa = PBXFileReference; includeInIndex = 1; lastKnownFileType = text.xcconfig; name = "Pods-Explore.release.xcconfig"; path = "Pods/Target Support Files/Pods-Explore/Pods-Explore.release.xcconfig"; sourceTree = "<group>"; };
		5EF54E31589029A1526451B5 /* Pods_Explore.framework */ = {isa = PBXFileReference; explicitFileType = wrapper.framework; includeInIndex = 0; path = Pods_Explore.framework; sourceTree = BUILT_PRODUCTS_DIR; };
		BF3CC10B21A63231003D2FED /* CultureViewController.swift */ = {isa = PBXFileReference; lastKnownFileType = sourcecode.swift; path = CultureViewController.swift; sourceTree = "<group>"; };
		BF3CC10D21A6372C003D2FED /* EventViewController.swift */ = {isa = PBXFileReference; lastKnownFileType = sourcecode.swift; path = EventViewController.swift; sourceTree = "<group>"; };
		BFC4A8E921A774450025BF04 /* SignoutViewController.swift */ = {isa = PBXFileReference; lastKnownFileType = sourcecode.swift; path = SignoutViewController.swift; sourceTree = "<group>"; };
		BFC4A8EF21A795D10025BF04 /* AlertController.swift */ = {isa = PBXFileReference; lastKnownFileType = sourcecode.swift; path = AlertController.swift; sourceTree = "<group>"; };
		BFDF654A219E00A300EB00F4 /* HomeVC.swift */ = {isa = PBXFileReference; lastKnownFileType = sourcecode.swift; path = HomeVC.swift; sourceTree = "<group>"; };
		BFDF654C219E048400EB00F4 /* TourpageVC.swift */ = {isa = PBXFileReference; lastKnownFileType = sourcecode.swift; path = TourpageVC.swift; sourceTree = "<group>"; };
		DCDEA72F21A7B0AE001DA133 /* GoogleService-Info.plist */ = {isa = PBXFileReference; fileEncoding = 4; lastKnownFileType = text.plist.xml; path = "GoogleService-Info.plist"; sourceTree = "<group>"; };
		FD308F4B21774F8C7F6E94E6 /* Pods-Explore.debug.xcconfig */ = {isa = PBXFileReference; includeInIndex = 1; lastKnownFileType = text.xcconfig; name = "Pods-Explore.debug.xcconfig"; path = "Pods/Target Support Files/Pods-Explore/Pods-Explore.debug.xcconfig"; sourceTree = "<group>"; };
/* End PBXFileReference section */

/* Begin PBXFrameworksBuildPhase section */
		00564703219CCEDC00AD5496 /* Frameworks */ = {
			isa = PBXFrameworksBuildPhase;
			buildActionMask = 2147483647;
			files = (
				2EA65EDB3696BF26A40C2AEC /* Pods_Explore.framework in Frameworks */,
			);
			runOnlyForDeploymentPostprocessing = 0;
		};
/* End PBXFrameworksBuildPhase section */

/* Begin PBXGroup section */
		005646FD219CCEDC00AD5496 = {
			isa = PBXGroup;
			children = (
				00564708219CCEDC00AD5496 /* Explore */,
				00564707219CCEDC00AD5496 /* Products */,
				CC52489D9786C3DEFBF4E0EF /* Pods */,
				56BED3FCAABFD6C19E9001FC /* Frameworks */,
			);
			sourceTree = "<group>";
		};
		00564707219CCEDC00AD5496 /* Products */ = {
			isa = PBXGroup;
			children = (
				00564706219CCEDC00AD5496 /* Explore.app */,
			);
			name = Products;
			sourceTree = "<group>";
		};
		00564708219CCEDC00AD5496 /* Explore */ = {
			isa = PBXGroup;
			children = (
				BFC4A8E921A774450025BF04 /* SignoutViewController.swift */,
				BFDF654A219E00A300EB00F4 /* HomeVC.swift */,
				BFDF654C219E048400EB00F4 /* TourpageVC.swift */,
				0056471E219CD2E200AD5496 /* SignUPVC.swift */,
				0056470B219CCEDC00AD5496 /* ViewController.swift */,
				BF3CC10B21A63231003D2FED /* CultureViewController.swift */,
				BF3CC10D21A6372C003D2FED /* EventViewController.swift */,
				BFC4A8EF21A795D10025BF04 /* AlertController.swift */,
				00564720219CE14400AD5496 /* SIgnInVC.swift */,
				0056470D219CCEDC00AD5496 /* Main.storyboard */,
				00564715219CCEDD00AD5496 /* Info.plist */,
				DCDEA72F21A7B0AE001DA133 /* GoogleService-Info.plist */,
				00564712219CCEDD00AD5496 /* LaunchScreen.storyboard */,
				00564709219CCEDC00AD5496 /* AppDelegate.swift */,
				00564710219CCEDD00AD5496 /* Assets.xcassets */,
			);
			path = Explore;
			sourceTree = "<group>";
		};
		56BED3FCAABFD6C19E9001FC /* Frameworks */ = {
			isa = PBXGroup;
			children = (
				5EF54E31589029A1526451B5 /* Pods_Explore.framework */,
			);
			name = Frameworks;
			sourceTree = "<group>";
		};
		CC52489D9786C3DEFBF4E0EF /* Pods */ = {
			isa = PBXGroup;
			children = (
				FD308F4B21774F8C7F6E94E6 /* Pods-Explore.debug.xcconfig */,
				214A2BB6ABAADA5AF742BFFC /* Pods-Explore.release.xcconfig */,
			);
			name = Pods;
			sourceTree = "<group>";
		};
/* End PBXGroup section */

/* Begin PBXNativeTarget section */
		00564705219CCEDC00AD5496 /* Explore */ = {
			isa = PBXNativeTarget;
			buildConfigurationList = 00564718219CCEDD00AD5496 /* Build configuration list for PBXNativeTarget "Explore" */;
			buildPhases = (
				EA81C021BE413F8EBFFA2341 /* [CP] Check Pods Manifest.lock */,
				00564702219CCEDC00AD5496 /* Sources */,
				00564703219CCEDC00AD5496 /* Frameworks */,
				00564704219CCEDC00AD5496 /* Resources */,
				9226C2D140EE0EB1F36048D2 /* [CP] Embed Pods Frameworks */,
			);
			buildRules = (
			);
			dependencies = (
			);
			name = Explore;
			productName = Explore;
			productReference = 00564706219CCEDC00AD5496 /* Explore.app */;
			productType = "com.apple.product-type.application";
		};
/* End PBXNativeTarget section */

/* Begin PBXProject section */
		005646FE219CCEDC00AD5496 /* Project object */ = {
			isa = PBXProject;
			attributes = {
				LastSwiftUpdateCheck = 0940;
				LastUpgradeCheck = 0940;
				ORGANIZATIONNAME = "Prabhdeep Kaur";
				TargetAttributes = {
					00564705219CCEDC00AD5496 = {
						CreatedOnToolsVersion = 9.4.1;
					};
				};
			};
			buildConfigurationList = 00564701219CCEDC00AD5496 /* Build configuration list for PBXProject "Explore" */;
			compatibilityVersion = "Xcode 9.3";
			developmentRegion = en;
			hasScannedForEncodings = 0;
			knownRegions = (
				en,
				Base,
			);
			mainGroup = 005646FD219CCEDC00AD5496;
			productRefGroup = 00564707219CCEDC00AD5496 /* Products */;
			projectDirPath = "";
			projectRoot = "";
			targets = (
				00564705219CCEDC00AD5496 /* Explore */,
			);
		};
/* End PBXProject section */

/* Begin PBXResourcesBuildPhase section */
		00564704219CCEDC00AD5496 /* Resources */ = {
			isa = PBXResourcesBuildPhase;
			buildActionMask = 2147483647;
			files = (
				00564714219CCEDD00AD5496 /* LaunchScreen.storyboard in Resources */,
				00564711219CCEDD00AD5496 /* Assets.xcassets in Resources */,
				0056470F219CCEDC00AD5496 /* Main.storyboard in Resources */,
				DCDEA73021A7B0AE001DA133 /* GoogleService-Info.plist in Resources */,
			);
			runOnlyForDeploymentPostprocessing = 0;
		};
/* End PBXResourcesBuildPhase section */

/* Begin PBXShellScriptBuildPhase section */
		9226C2D140EE0EB1F36048D2 /* [CP] Embed Pods Frameworks */ = {
			isa = PBXShellScriptBuildPhase;
			buildActionMask = 2147483647;
			files = (
			);
			inputFileListPaths = (
			);
			inputPaths = (
				"${SRCROOT}/Pods/Target Support Files/Pods-Explore/Pods-Explore-frameworks.sh",
				"${BUILT_PRODUCTS_DIR}/GTMSessionFetcher/GTMSessionFetcher.framework",
				"${BUILT_PRODUCTS_DIR}/GoogleUtilities/GoogleUtilities.framework",
				"${BUILT_PRODUCTS_DIR}/leveldb-library/leveldb.framework",
				"${BUILT_PRODUCTS_DIR}/nanopb/nanopb.framework",
			);
			name = "[CP] Embed Pods Frameworks";
			outputFileListPaths = (
			);
			outputPaths = (
				"${TARGET_BUILD_DIR}/${FRAMEWORKS_FOLDER_PATH}/GTMSessionFetcher.framework",
				"${TARGET_BUILD_DIR}/${FRAMEWORKS_FOLDER_PATH}/GoogleUtilities.framework",
				"${TARGET_BUILD_DIR}/${FRAMEWORKS_FOLDER_PATH}/leveldb.framework",
				"${TARGET_BUILD_DIR}/${FRAMEWORKS_FOLDER_PATH}/nanopb.framework",
			);
			runOnlyForDeploymentPostprocessing = 0;
			shellPath = /bin/sh;
			shellScript = "\"${SRCROOT}/Pods/Target Support Files/Pods-Explore/Pods-Explore-frameworks.sh\"\n";
			showEnvVarsInLog = 0;
		};
		EA81C021BE413F8EBFFA2341 /* [CP] Check Pods Manifest.lock */ = {
			isa = PBXShellScriptBuildPhase;
			buildActionMask = 2147483647;
			files = (
			);
			inputFileListPaths = (
			);
			inputPaths = (
				"${PODS_PODFILE_DIR_PATH}/Podfile.lock",
				"${PODS_ROOT}/Manifest.lock",
			);
			name = "[CP] Check Pods Manifest.lock";
			outputFileListPaths = (
			);
			outputPaths = (
				"$(DERIVED_FILE_DIR)/Pods-Explore-checkManifestLockResult.txt",
			);
			runOnlyForDeploymentPostprocessing = 0;
			shellPath = /bin/sh;
			shellScript = "diff \"${PODS_PODFILE_DIR_PATH}/Podfile.lock\" \"${PODS_ROOT}/Manifest.lock\" > /dev/null\nif [ $? != 0 ] ; then\n    # print error to STDERR\n    echo \"error: The sandbox is not in sync with the Podfile.lock. Run 'pod install' or update your CocoaPods installation.\" >&2\n    exit 1\nfi\n# This output is used by Xcode 'outputs' to avoid re-running this script phase.\necho \"SUCCESS\" > \"${SCRIPT_OUTPUT_FILE_0}\"\n";
			showEnvVarsInLog = 0;
		};
/* End PBXShellScriptBuildPhase section */

/* Begin PBXSourcesBuildPhase section */
		00564702219CCEDC00AD5496 /* Sources */ = {
			isa = PBXSourcesBuildPhase;
			buildActionMask = 2147483647;
			files = (
				0056470C219CCEDC00AD5496 /* ViewController.swift in Sources */,
				BFC4A8EA21A774450025BF04 /* SignoutViewController.swift in Sources */,
				BFDF654D219E048400EB00F4 /* TourpageVC.swift in Sources */,
				BFDF654B219E00A300EB00F4 /* HomeVC.swift in Sources */,
				0056471F219CD2E200AD5496 /* SignUPVC.swift in Sources */,
				00564721219CE14400AD5496 /* SIgnInVC.swift in Sources */,
				BFC4A8F021A795D10025BF04 /* AlertController.swift in Sources */,
				BF3CC10E21A6372C003D2FED /* EventViewController.swift in Sources */,
				BF3CC10C21A63231003D2FED /* CultureViewController.swift in Sources */,
				0056470A219CCEDC00AD5496 /* AppDelegate.swift in Sources */,
			);
			runOnlyForDeploymentPostprocessing = 0;
		};
/* End PBXSourcesBuildPhase section */

/* Begin PBXVariantGroup section */
		0056470D219CCEDC00AD5496 /* Main.storyboard */ = {
			isa = PBXVariantGroup;
			children = (
				0056470E219CCEDC00AD5496 /* Base */,
			);
			name = Main.storyboard;
			sourceTree = "<group>";
		};
		00564712219CCEDD00AD5496 /* LaunchScreen.storyboard */ = {
			isa = PBXVariantGroup;
			children = (
				00564713219CCEDD00AD5496 /* Base */,
			);
			name = LaunchScreen.storyboard;
			sourceTree = "<group>";
		};
/* End PBXVariantGroup section */

/* Begin XCBuildConfiguration section */
		00564716219CCEDD00AD5496 /* Debug */ = {
			isa = XCBuildConfiguration;
			buildSettings = {
				ALWAYS_SEARCH_USER_PATHS = NO;
				CLANG_ANALYZER_NONNULL = YES;
				CLANG_ANALYZER_NUMBER_OBJECT_CONVERSION = YES_AGGRESSIVE;
				CLANG_CXX_LANGUAGE_STANDARD = "gnu++14";
				CLANG_CXX_LIBRARY = "libc++";
				CLANG_ENABLE_MODULES = YES;
				CLANG_ENABLE_OBJC_ARC = YES;
				CLANG_ENABLE_OBJC_WEAK = YES;
				CLANG_WARN_BLOCK_CAPTURE_AUTORELEASING = YES;
				CLANG_WARN_BOOL_CONVERSION = YES;
				CLANG_WARN_COMMA = YES;
				CLANG_WARN_CONSTANT_CONVERSION = YES;
				CLANG_WARN_DEPRECATED_OBJC_IMPLEMENTATIONS = YES;
				CLANG_WARN_DIRECT_OBJC_ISA_USAGE = YES_ERROR;
				CLANG_WARN_DOCUMENTATION_COMMENTS = YES;
				CLANG_WARN_EMPTY_BODY = YES;
				CLANG_WARN_ENUM_CONVERSION = YES;
				CLANG_WARN_INFINITE_RECURSION = YES;
				CLANG_WARN_INT_CONVERSION = YES;
				CLANG_WARN_NON_LITERAL_NULL_CONVERSION = YES;
				CLANG_WARN_OBJC_IMPLICIT_RETAIN_SELF = YES;
				CLANG_WARN_OBJC_LITERAL_CONVERSION = YES;
				CLANG_WARN_OBJC_ROOT_CLASS = YES_ERROR;
				CLANG_WARN_RANGE_LOOP_ANALYSIS = YES;
				CLANG_WARN_STRICT_PROTOTYPES = YES;
				CLANG_WARN_SUSPICIOUS_MOVE = YES;
				CLANG_WARN_UNGUARDED_AVAILABILITY = YES_AGGRESSIVE;
				CLANG_WARN_UNREACHABLE_CODE = YES;
				CLANG_WARN__DUPLICATE_METHOD_MATCH = YES;
				CODE_SIGN_IDENTITY = "iPhone Developer";
				COPY_PHASE_STRIP = NO;
				DEBUG_INFORMATION_FORMAT = dwarf;
				ENABLE_STRICT_OBJC_MSGSEND = YES;
				ENABLE_TESTABILITY = YES;
				GCC_C_LANGUAGE_STANDARD = gnu11;
				GCC_DYNAMIC_NO_PIC = NO;
				GCC_NO_COMMON_BLOCKS = YES;
				GCC_OPTIMIZATION_LEVEL = 0;
				GCC_PREPROCESSOR_DEFINITIONS = (
					"DEBUG=1",
					"$(inherited)",
				);
				GCC_WARN_64_TO_32_BIT_CONVERSION = YES;
				GCC_WARN_ABOUT_RETURN_TYPE = YES_ERROR;
				GCC_WARN_UNDECLARED_SELECTOR = YES;
				GCC_WARN_UNINITIALIZED_AUTOS = YES_AGGRESSIVE;
				GCC_WARN_UNUSED_FUNCTION = YES;
				GCC_WARN_UNUSED_VARIABLE = YES;
				IPHONEOS_DEPLOYMENT_TARGET = 11.4;
				MTL_ENABLE_DEBUG_INFO = YES;
				ONLY_ACTIVE_ARCH = YES;
				SDKROOT = iphoneos;
				SWIFT_ACTIVE_COMPILATION_CONDITIONS = DEBUG;
				SWIFT_OPTIMIZATION_LEVEL = "-Onone";
			};
			name = Debug;
		};
		00564717219CCEDD00AD5496 /* Release */ = {
			isa = XCBuildConfiguration;
			buildSettings = {
				ALWAYS_SEARCH_USER_PATHS = NO;
				CLANG_ANALYZER_NONNULL = YES;
				CLANG_ANALYZER_NUMBER_OBJECT_CONVERSION = YES_AGGRESSIVE;
				CLANG_CXX_LANGUAGE_STANDARD = "gnu++14";
				CLANG_CXX_LIBRARY = "libc++";
				CLANG_ENABLE_MODULES = YES;
				CLANG_ENABLE_OBJC_ARC = YES;
				CLANG_ENABLE_OBJC_WEAK = YES;
				CLANG_WARN_BLOCK_CAPTURE_AUTORELEASING = YES;
				CLANG_WARN_BOOL_CONVERSION = YES;
				CLANG_WARN_COMMA = YES;
				CLANG_WARN_CONSTANT_CONVERSION = YES;
				CLANG_WARN_DEPRECATED_OBJC_IMPLEMENTATIONS = YES;
				CLANG_WARN_DIRECT_OBJC_ISA_USAGE = YES_ERROR;
				CLANG_WARN_DOCUMENTATION_COMMENTS = YES;
				CLANG_WARN_EMPTY_BODY = YES;
				CLANG_WARN_ENUM_CONVERSION = YES;
				CLANG_WARN_INFINITE_RECURSION = YES;
				CLANG_WARN_INT_CONVERSION = YES;
				CLANG_WARN_NON_LITERAL_NULL_CONVERSION = YES;
				CLANG_WARN_OBJC_IMPLICIT_RETAIN_SELF = YES;
				CLANG_WARN_OBJC_LITERAL_CONVERSION = YES;
				CLANG_WARN_OBJC_ROOT_CLASS = YES_ERROR;
				CLANG_WARN_RANGE_LOOP_ANALYSIS = YES;
				CLANG_WARN_STRICT_PROTOTYPES = YES;
				CLANG_WARN_SUSPICIOUS_MOVE = YES;
				CLANG_WARN_UNGUARDED_AVAILABILITY = YES_AGGRESSIVE;
				CLANG_WARN_UNREACHABLE_CODE = YES;
				CLANG_WARN__DUPLICATE_METHOD_MATCH = YES;
				CODE_SIGN_IDENTITY = "iPhone Developer";
				COPY_PHASE_STRIP = NO;
				DEBUG_INFORMATION_FORMAT = "dwarf-with-dsym";
				ENABLE_NS_ASSERTIONS = NO;
				ENABLE_STRICT_OBJC_MSGSEND = YES;
				GCC_C_LANGUAGE_STANDARD = gnu11;
				GCC_NO_COMMON_BLOCKS = YES;
				GCC_WARN_64_TO_32_BIT_CONVERSION = YES;
				GCC_WARN_ABOUT_RETURN_TYPE = YES_ERROR;
				GCC_WARN_UNDECLARED_SELECTOR = YES;
				GCC_WARN_UNINITIALIZED_AUTOS = YES_AGGRESSIVE;
				GCC_WARN_UNUSED_FUNCTION = YES;
				GCC_WARN_UNUSED_VARIABLE = YES;
				IPHONEOS_DEPLOYMENT_TARGET = 11.4;
				MTL_ENABLE_DEBUG_INFO = NO;
				SDKROOT = iphoneos;
				SWIFT_COMPILATION_MODE = wholemodule;
				SWIFT_OPTIMIZATION_LEVEL = "-O";
				VALIDATE_PRODUCT = YES;
			};
			name = Release;
		};
		00564719219CCEDD00AD5496 /* Debug */ = {
			isa = XCBuildConfiguration;
			baseConfigurationReference = FD308F4B21774F8C7F6E94E6 /* Pods-Explore.debug.xcconfig */;
			buildSettings = {
				ASSETCATALOG_COMPILER_APPICON_NAME = AppIcon;
				CODE_SIGN_STYLE = Automatic;
				INFOPLIST_FILE = Explore/Info.plist;
				IPHONEOS_DEPLOYMENT_TARGET = 11.4;
				LD_RUNPATH_SEARCH_PATHS = (
					"$(inherited)",
					"@executable_path/Frameworks",
				);
				NEW_SETTING = "";
				PRODUCT_BUNDLE_IDENTIFIER = prabhdeep.website.Explore;
				PRODUCT_NAME = "$(TARGET_NAME)";
				SWIFT_VERSION = 4.0;
				TARGETED_DEVICE_FAMILY = "1,2";
			};
			name = Debug;
		};
		0056471A219CCEDD00AD5496 /* Release */ = {
			isa = XCBuildConfiguration;
			baseConfigurationReference = 214A2BB6ABAADA5AF742BFFC /* Pods-Explore.release.xcconfig */;
			buildSettings = {
				ASSETCATALOG_COMPILER_APPICON_NAME = AppIcon;
				CODE_SIGN_STYLE = Automatic;
				INFOPLIST_FILE = Explore/Info.plist;
				IPHONEOS_DEPLOYMENT_TARGET = 11.4;
				LD_RUNPATH_SEARCH_PATHS = (
					"$(inherited)",
					"@executable_path/Frameworks",
				);
				NEW_SETTING = "";
				PRODUCT_BUNDLE_IDENTIFIER = prabhdeep.website.Explore;
				PRODUCT_NAME = "$(TARGET_NAME)";
				SWIFT_VERSION = 4.0;
				TARGETED_DEVICE_FAMILY = "1,2";
			};
			name = Release;
		};
/* End XCBuildConfiguration section */

/* Begin XCConfigurationList section */
		00564701219CCEDC00AD5496 /* Build configuration list for PBXProject "Explore" */ = {
			isa = XCConfigurationList;
			buildConfigurations = (
				00564716219CCEDD00AD5496 /* Debug */,
				00564717219CCEDD00AD5496 /* Release */,
			);
			defaultConfigurationIsVisible = 0;
			defaultConfigurationName = Release;
		};
		00564718219CCEDD00AD5496 /* Build configuration list for PBXNativeTarget "Explore" */ = {
			isa = XCConfigurationList;
			buildConfigurations = (
				00564719219CCEDD00AD5496 /* Debug */,
				0056471A219CCEDD00AD5496 /* Release */,
			);
			defaultConfigurationIsVisible = 0;
			defaultConfigurationName = Release;
		};
/* End XCConfigurationList section */
	};
	rootObject = 005646FE219CCEDC00AD5496 /* Project object */;
}
